// !$*UTF8*$!
{
	archiveVersion = 1;
	classes = {
	};
	objectVersion = 46;
	objects = {

/* Begin PBXBuildFile section */
		C423B16618F60085006652B3 /* WLUExamTableViewController.m in Sources */ = {isa = PBXBuildFile; fileRef = C423B16518F60085006652B3 /* WLUExamTableViewController.m */; };
		C423B16918F6031D006652B3 /* WLUDepartmentTableViewController.m in Sources */ = {isa = PBXBuildFile; fileRef = C423B16818F6031D006652B3 /* WLUDepartmentTableViewController.m */; };
		C423B16B18F6085E006652B3 /* wlu_logo.bmp in Resources */ = {isa = PBXBuildFile; fileRef = C423B16A18F6085E006652B3 /* wlu_logo.bmp */; };
		C423B17818F632AE006652B3 /* KeychainItemWrapper.m in Sources */ = {isa = PBXBuildFile; fileRef = C423B17718F632AE006652B3 /* KeychainItemWrapper.m */; };
		C430047218F645BF008EE6B5 /* MapKit.framework in Frameworks */ = {isa = PBXBuildFile; fileRef = C430047118F645BF008EE6B5 /* MapKit.framework */; };
		C43BD88218F7693F0080F3BC /* WLUAnnotation.m in Sources */ = {isa = PBXBuildFile; fileRef = C43BD88118F7693F0080F3BC /* WLUAnnotation.m */; };
		C43BD88518F7B78D0080F3BC /* WLUExamByDepartmentTableViewController.m in Sources */ = {isa = PBXBuildFile; fileRef = C43BD88418F7B78D0080F3BC /* WLUExamByDepartmentTableViewController.m */; };
		C4AC94FE18F5ECFA00A090BA /* Foundation.framework in Frameworks */ = {isa = PBXBuildFile; fileRef = C4AC94FD18F5ECFA00A090BA /* Foundation.framework */; };
		C4AC950018F5ECFA00A090BA /* CoreGraphics.framework in Frameworks */ = {isa = PBXBuildFile; fileRef = C4AC94FF18F5ECFA00A090BA /* CoreGraphics.framework */; };
		C4AC950218F5ECFA00A090BA /* UIKit.framework in Frameworks */ = {isa = PBXBuildFile; fileRef = C4AC950118F5ECFA00A090BA /* UIKit.framework */; };
		C4AC950818F5ECFA00A090BA /* InfoPlist.strings in Resources */ = {isa = PBXBuildFile; fileRef = C4AC950618F5ECFA00A090BA /* InfoPlist.strings */; };
		C4AC950A18F5ECFA00A090BA /* main.m in Sources */ = {isa = PBXBuildFile; fileRef = C4AC950918F5ECFA00A090BA /* main.m */; };
		C4AC950E18F5ECFB00A090BA /* WLUAppDelegate.m in Sources */ = {isa = PBXBuildFile; fileRef = C4AC950D18F5ECFB00A090BA /* WLUAppDelegate.m */; };
		C4AC951118F5ECFB00A090BA /* Main.storyboard in Resources */ = {isa = PBXBuildFile; fileRef = C4AC950F18F5ECFB00A090BA /* Main.storyboard */; };
		C4AC951418F5ECFB00A090BA /* WLUMasterViewController.m in Sources */ = {isa = PBXBuildFile; fileRef = C4AC951318F5ECFB00A090BA /* WLUMasterViewController.m */; };
		C4AC951718F5ECFB00A090BA /* WLUDetailViewController.m in Sources */ = {isa = PBXBuildFile; fileRef = C4AC951618F5ECFB00A090BA /* WLUDetailViewController.m */; };
		C4AC951918F5ECFB00A090BA /* Images.xcassets in Resources */ = {isa = PBXBuildFile; fileRef = C4AC951818F5ECFB00A090BA /* Images.xcassets */; };
		C4AC952018F5ECFB00A090BA /* XCTest.framework in Frameworks */ = {isa = PBXBuildFile; fileRef = C4AC951F18F5ECFB00A090BA /* XCTest.framework */; };
		C4AC952118F5ECFB00A090BA /* Foundation.framework in Frameworks */ = {isa = PBXBuildFile; fileRef = C4AC94FD18F5ECFA00A090BA /* Foundation.framework */; };
		C4AC952218F5ECFB00A090BA /* UIKit.framework in Frameworks */ = {isa = PBXBuildFile; fileRef = C4AC950118F5ECFA00A090BA /* UIKit.framework */; };
		C4AC952A18F5ECFB00A090BA /* InfoPlist.strings in Resources */ = {isa = PBXBuildFile; fileRef = C4AC952818F5ECFB00A090BA /* InfoPlist.strings */; };
		C4AC952C18F5ECFB00A090BA /* WLUExamsTests.m in Sources */ = {isa = PBXBuildFile; fileRef = C4AC952B18F5ECFB00A090BA /* WLUExamsTests.m */; };
		C4AC953918F5F6D800A090BA /* WLUExam.m in Sources */ = {isa = PBXBuildFile; fileRef = C4AC953818F5F6D800A090BA /* WLUExam.m */; };
		C4AC953C18F5F6EA00A090BA /* WLUDepartment.m in Sources */ = {isa = PBXBuildFile; fileRef = C4AC953B18F5F6EA00A090BA /* WLUDepartment.m */; };
		C4AC953F18F5F90000A090BA /* WLULoginViewController.m in Sources */ = {isa = PBXBuildFile; fileRef = C4AC953E18F5F90000A090BA /* WLULoginViewController.m */; };
		C4B013DD18FB01EA00AFC1DF /* EventKit.framework in Frameworks */ = {isa = PBXBuildFile; fileRef = C4B013DC18FB01EA00AFC1DF /* EventKit.framework */; };
		C4B013DF18FB062E00AFC1DF /* EventKitUI.framework in Frameworks */ = {isa = PBXBuildFile; fileRef = C4B013DE18FB062E00AFC1DF /* EventKitUI.framework */; };
/* End PBXBuildFile section */

/* Begin PBXContainerItemProxy section */
		C4AC952318F5ECFB00A090BA /* PBXContainerItemProxy */ = {
			isa = PBXContainerItemProxy;
			containerPortal = C4AC94F218F5ECFA00A090BA /* Project object */;
			proxyType = 1;
			remoteGlobalIDString = C4AC94F918F5ECFA00A090BA;
			remoteInfo = WLUExams;
		};
/* End PBXContainerItemProxy section */

/* Begin PBXFileReference section */
		C423B16418F60085006652B3 /* WLUExamTableViewController.h */ = {isa = PBXFileReference; fileEncoding = 4; lastKnownFileType = sourcecode.c.h; path = WLUExamTableViewController.h; sourceTree = "<group>"; };
		C423B16518F60085006652B3 /* WLUExamTableViewController.m */ = {isa = PBXFileReference; fileEncoding = 4; lastKnownFileType = sourcecode.c.objc; path = WLUExamTableViewController.m; sourceTree = "<group>"; };
		C423B16718F6031D006652B3 /* WLUDepartmentTableViewController.h */ = {isa = PBXFileReference; fileEncoding = 4; lastKnownFileType = sourcecode.c.h; path = WLUDepartmentTableViewController.h; sourceTree = "<group>"; };
		C423B16818F6031D006652B3 /* WLUDepartmentTableViewController.m */ = {isa = PBXFileReference; fileEncoding = 4; lastKnownFileType = sourcecode.c.objc; path = WLUDepartmentTableViewController.m; sourceTree = "<group>"; };
		C423B16A18F6085E006652B3 /* wlu_logo.bmp */ = {isa = PBXFileReference; lastKnownFileType = image.bmp; path = wlu_logo.bmp; sourceTree = "<group>"; };
		C423B17618F632AE006652B3 /* KeychainItemWrapper.h */ = {isa = PBXFileReference; fileEncoding = 4; lastKnownFileType = sourcecode.c.h; path = KeychainItemWrapper.h; sourceTree = "<group>"; };
		C423B17718F632AE006652B3 /* KeychainItemWrapper.m */ = {isa = PBXFileReference; fileEncoding = 4; lastKnownFileType = sourcecode.c.objc; path = KeychainItemWrapper.m; sourceTree = "<group>"; };
		C430047118F645BF008EE6B5 /* MapKit.framework */ = {isa = PBXFileReference; lastKnownFileType = wrapper.framework; name = MapKit.framework; path = System/Library/Frameworks/MapKit.framework; sourceTree = SDKROOT; };
		C43BD88018F7693F0080F3BC /* WLUAnnotation.h */ = {isa = PBXFileReference; fileEncoding = 4; lastKnownFileType = sourcecode.c.h; path = WLUAnnotation.h; sourceTree = "<group>"; };
		C43BD88118F7693F0080F3BC /* WLUAnnotation.m */ = {isa = PBXFileReference; fileEncoding = 4; lastKnownFileType = sourcecode.c.objc; path = WLUAnnotation.m; sourceTree = "<group>"; };
		C43BD88318F7B78D0080F3BC /* WLUExamByDepartmentTableViewController.h */ = {isa = PBXFileReference; fileEncoding = 4; lastKnownFileType = sourcecode.c.h; path = WLUExamByDepartmentTableViewController.h; sourceTree = "<group>"; };
		C43BD88418F7B78D0080F3BC /* WLUExamByDepartmentTableViewController.m */ = {isa = PBXFileReference; fileEncoding = 4; lastKnownFileType = sourcecode.c.objc; path = WLUExamByDepartmentTableViewController.m; sourceTree = "<group>"; };
		C4AC94FA18F5ECFA00A090BA /* WLUExams.app */ = {isa = PBXFileReference; explicitFileType = wrapper.application; includeInIndex = 0; path = WLUExams.app; sourceTree = BUILT_PRODUCTS_DIR; };
		C4AC94FD18F5ECFA00A090BA /* Foundation.framework */ = {isa = PBXFileReference; lastKnownFileType = wrapper.framework; name = Foundation.framework; path = System/Library/Frameworks/Foundation.framework; sourceTree = SDKROOT; };
		C4AC94FF18F5ECFA00A090BA /* CoreGraphics.framework */ = {isa = PBXFileReference; lastKnownFileType = wrapper.framework; name = CoreGraphics.framework; path = System/Library/Frameworks/CoreGraphics.framework; sourceTree = SDKROOT; };
		C4AC950118F5ECFA00A090BA /* UIKit.framework */ = {isa = PBXFileReference; lastKnownFileType = wrapper.framework; name = UIKit.framework; path = System/Library/Frameworks/UIKit.framework; sourceTree = SDKROOT; };
		C4AC950518F5ECFA00A090BA /* WLUExams-Info.plist */ = {isa = PBXFileReference; lastKnownFileType = text.plist.xml; path = "WLUExams-Info.plist"; sourceTree = "<group>"; };
		C4AC950718F5ECFA00A090BA /* en */ = {isa = PBXFileReference; lastKnownFileType = text.plist.strings; name = en; path = en.lproj/InfoPlist.strings; sourceTree = "<group>"; };
		C4AC950918F5ECFA00A090BA /* main.m */ = {isa = PBXFileReference; lastKnownFileType = sourcecode.c.objc; path = main.m; sourceTree = "<group>"; };
		C4AC950B18F5ECFA00A090BA /* WLUExams-Prefix.pch */ = {isa = PBXFileReference; lastKnownFileType = sourcecode.c.h; path = "WLUExams-Prefix.pch"; sourceTree = "<group>"; };
		C4AC950C18F5ECFB00A090BA /* WLUAppDelegate.h */ = {isa = PBXFileReference; lastKnownFileType = sourcecode.c.h; path = WLUAppDelegate.h; sourceTree = "<group>"; };
		C4AC950D18F5ECFB00A090BA /* WLUAppDelegate.m */ = {isa = PBXFileReference; lastKnownFileType = sourcecode.c.objc; path = WLUAppDelegate.m; sourceTree = "<group>"; };
		C4AC951018F5ECFB00A090BA /* Base */ = {isa = PBXFileReference; lastKnownFileType = file.storyboard; name = Base; path = Base.lproj/Main.storyboard; sourceTree = "<group>"; };
		C4AC951218F5ECFB00A090BA /* WLUMasterViewController.h */ = {isa = PBXFileReference; lastKnownFileType = sourcecode.c.h; path = WLUMasterViewController.h; sourceTree = "<group>"; };
		C4AC951318F5ECFB00A090BA /* WLUMasterViewController.m */ = {isa = PBXFileReference; lastKnownFileType = sourcecode.c.objc; path = WLUMasterViewController.m; sourceTree = "<group>"; };
		C4AC951518F5ECFB00A090BA /* WLUDetailViewController.h */ = {isa = PBXFileReference; lastKnownFileType = sourcecode.c.h; path = WLUDetailViewController.h; sourceTree = "<group>"; };
		C4AC951618F5ECFB00A090BA /* WLUDetailViewController.m */ = {isa = PBXFileReference; lastKnownFileType = sourcecode.c.objc; path = WLUDetailViewController.m; sourceTree = "<group>"; };
		C4AC951818F5ECFB00A090BA /* Images.xcassets */ = {isa = PBXFileReference; lastKnownFileType = folder.assetcatalog; path = Images.xcassets; sourceTree = "<group>"; };
		C4AC951E18F5ECFB00A090BA /* WLUExamsTests.xctest */ = {isa = PBXFileReference; explicitFileType = wrapper.cfbundle; includeInIndex = 0; path = WLUExamsTests.xctest; sourceTree = BUILT_PRODUCTS_DIR; };
		C4AC951F18F5ECFB00A090BA /* XCTest.framework */ = {isa = PBXFileReference; lastKnownFileType = wrapper.framework; name = XCTest.framework; path = Library/Frameworks/XCTest.framework; sourceTree = DEVELOPER_DIR; };
		C4AC952718F5ECFB00A090BA /* WLUExamsTests-Info.plist */ = {isa = PBXFileReference; lastKnownFileType = text.plist.xml; path = "WLUExamsTests-Info.plist"; sourceTree = "<group>"; };
		C4AC952918F5ECFB00A090BA /* en */ = {isa = PBXFileReference; lastKnownFileType = text.plist.strings; name = en; path = en.lproj/InfoPlist.strings; sourceTree = "<group>"; };
		C4AC952B18F5ECFB00A090BA /* WLUExamsTests.m */ = {isa = PBXFileReference; lastKnownFileType = sourcecode.c.objc; path = WLUExamsTests.m; sourceTree = "<group>"; };
		C4AC953718F5F6D800A090BA /* WLUExam.h */ = {isa = PBXFileReference; fileEncoding = 4; lastKnownFileType = sourcecode.c.h; path = WLUExam.h; sourceTree = "<group>"; };
		C4AC953818F5F6D800A090BA /* WLUExam.m */ = {isa = PBXFileReference; fileEncoding = 4; lastKnownFileType = sourcecode.c.objc; path = WLUExam.m; sourceTree = "<group>"; };
		C4AC953A18F5F6EA00A090BA /* WLUDepartment.h */ = {isa = PBXFileReference; fileEncoding = 4; lastKnownFileType = sourcecode.c.h; path = WLUDepartment.h; sourceTree = "<group>"; };
		C4AC953B18F5F6EA00A090BA /* WLUDepartment.m */ = {isa = PBXFileReference; fileEncoding = 4; lastKnownFileType = sourcecode.c.objc; path = WLUDepartment.m; sourceTree = "<group>"; };
		C4AC953D18F5F90000A090BA /* WLULoginViewController.h */ = {isa = PBXFileReference; fileEncoding = 4; lastKnownFileType = sourcecode.c.h; path = WLULoginViewController.h; sourceTree = "<group>"; };
		C4AC953E18F5F90000A090BA /* WLULoginViewController.m */ = {isa = PBXFileReference; fileEncoding = 4; lastKnownFileType = sourcecode.c.objc; path = WLULoginViewController.m; sourceTree = "<group>"; };
		C4B013DC18FB01EA00AFC1DF /* EventKit.framework */ = {isa = PBXFileReference; lastKnownFileType = wrapper.framework; name = EventKit.framework; path = System/Library/Frameworks/EventKit.framework; sourceTree = SDKROOT; };
		C4B013DE18FB062E00AFC1DF /* EventKitUI.framework */ = {isa = PBXFileReference; lastKnownFileType = wrapper.framework; name = EventKitUI.framework; path = System/Library/Frameworks/EventKitUI.framework; sourceTree = SDKROOT; };
/* End PBXFileReference section */

/* Begin PBXFrameworksBuildPhase section */
		C4AC94F718F5ECFA00A090BA /* Frameworks */ = {
			isa = PBXFrameworksBuildPhase;
			buildActionMask = 2147483647;
			files = (
				C4B013DF18FB062E00AFC1DF /* EventKitUI.framework in Frameworks */,
				C4B013DD18FB01EA00AFC1DF /* EventKit.framework in Frameworks */,
				C4AC950018F5ECFA00A090BA /* CoreGraphics.framework in Frameworks */,
				C4AC950218F5ECFA00A090BA /* UIKit.framework in Frameworks */,
				C430047218F645BF008EE6B5 /* MapKit.framework in Frameworks */,
				C4AC94FE18F5ECFA00A090BA /* Foundation.framework in Frameworks */,
			);
			runOnlyForDeploymentPostprocessing = 0;
		};
		C4AC951B18F5ECFB00A090BA /* Frameworks */ = {
			isa = PBXFrameworksBuildPhase;
			buildActionMask = 2147483647;
			files = (
				C4AC952018F5ECFB00A090BA /* XCTest.framework in Frameworks */,
				C4AC952218F5ECFB00A090BA /* UIKit.framework in Frameworks */,
				C4AC952118F5ECFB00A090BA /* Foundation.framework in Frameworks */,
			);
			runOnlyForDeploymentPostprocessing = 0;
		};
/* End PBXFrameworksBuildPhase section */

/* Begin PBXGroup section */
		C423B16C18F62C96006652B3 /* External Libraries */ = {
			isa = PBXGroup;
			children = (
				C423B17618F632AE006652B3 /* KeychainItemWrapper.h */,
				C423B17718F632AE006652B3 /* KeychainItemWrapper.m */,
			);
			name = "External Libraries";
			sourceTree = "<group>";
		};
		C4AC94F118F5ECFA00A090BA = {
			isa = PBXGroup;
			children = (
				C4AC950318F5ECFA00A090BA /* WLUExams */,
				C4AC952518F5ECFB00A090BA /* WLUExamsTests */,
				C4AC94FC18F5ECFA00A090BA /* Frameworks */,
				C4AC94FB18F5ECFA00A090BA /* Products */,
			);
			sourceTree = "<group>";
		};
		C4AC94FB18F5ECFA00A090BA /* Products */ = {
			isa = PBXGroup;
			children = (
				C4AC94FA18F5ECFA00A090BA /* WLUExams.app */,
				C4AC951E18F5ECFB00A090BA /* WLUExamsTests.xctest */,
			);
			name = Products;
			sourceTree = "<group>";
		};
		C4AC94FC18F5ECFA00A090BA /* Frameworks */ = {
			isa = PBXGroup;
			children = (
				C4B013DE18FB062E00AFC1DF /* EventKitUI.framework */,
				C4B013DC18FB01EA00AFC1DF /* EventKit.framework */,
				C430047118F645BF008EE6B5 /* MapKit.framework */,
				C4AC94FD18F5ECFA00A090BA /* Foundation.framework */,
				C4AC94FF18F5ECFA00A090BA /* CoreGraphics.framework */,
				C4AC950118F5ECFA00A090BA /* UIKit.framework */,
				C4AC951F18F5ECFB00A090BA /* XCTest.framework */,
			);
			name = Frameworks;
			sourceTree = "<group>";
		};
		C4AC950318F5ECFA00A090BA /* WLUExams */ = {
			isa = PBXGroup;
			children = (
				C423B16C18F62C96006652B3 /* External Libraries */,
				C4AC953618F5F6B900A090BA /* Models */,
				C4AC953518F5F6B300A090BA /* Controllers */,
				C4AC950C18F5ECFB00A090BA /* WLUAppDelegate.h */,
				C4AC950D18F5ECFB00A090BA /* WLUAppDelegate.m */,
				C4AC950F18F5ECFB00A090BA /* Main.storyboard */,
				C4AC951818F5ECFB00A090BA /* Images.xcassets */,
				C4AC950418F5ECFA00A090BA /* Supporting Files */,
			);
			path = WLUExams;
			sourceTree = "<group>";
		};
		C4AC950418F5ECFA00A090BA /* Supporting Files */ = {
			isa = PBXGroup;
			children = (
				C423B16A18F6085E006652B3 /* wlu_logo.bmp */,
				C4AC950518F5ECFA00A090BA /* WLUExams-Info.plist */,
				C4AC950618F5ECFA00A090BA /* InfoPlist.strings */,
				C4AC950918F5ECFA00A090BA /* main.m */,
				C4AC950B18F5ECFA00A090BA /* WLUExams-Prefix.pch */,
			);
			name = "Supporting Files";
			sourceTree = "<group>";
		};
		C4AC952518F5ECFB00A090BA /* WLUExamsTests */ = {
			isa = PBXGroup;
			children = (
				C4AC952B18F5ECFB00A090BA /* WLUExamsTests.m */,
				C4AC952618F5ECFB00A090BA /* Supporting Files */,
			);
			path = WLUExamsTests;
			sourceTree = "<group>";
		};
		C4AC952618F5ECFB00A090BA /* Supporting Files */ = {
			isa = PBXGroup;
			children = (
				C4AC952718F5ECFB00A090BA /* WLUExamsTests-Info.plist */,
				C4AC952818F5ECFB00A090BA /* InfoPlist.strings */,
			);
			name = "Supporting Files";
			sourceTree = "<group>";
		};
		C4AC953518F5F6B300A090BA /* Controllers */ = {
			isa = PBXGroup;
			children = (
				C4AC951218F5ECFB00A090BA /* WLUMasterViewController.h */,
				C4AC951318F5ECFB00A090BA /* WLUMasterViewController.m */,
				C4AC951518F5ECFB00A090BA /* WLUDetailViewController.h */,
				C4AC951618F5ECFB00A090BA /* WLUDetailViewController.m */,
				C4AC953D18F5F90000A090BA /* WLULoginViewController.h */,
				C4AC953E18F5F90000A090BA /* WLULoginViewController.m */,
				C423B16418F60085006652B3 /* WLUExamTableViewController.h */,
				C423B16518F60085006652B3 /* WLUExamTableViewController.m */,
				C423B16718F6031D006652B3 /* WLUDepartmentTableViewController.h */,
				C423B16818F6031D006652B3 /* WLUDepartmentTableViewController.m */,
				C43BD88318F7B78D0080F3BC /* WLUExamByDepartmentTableViewController.h */,
				C43BD88418F7B78D0080F3BC /* WLUExamByDepartmentTableViewController.m */,
			);
			name = Controllers;
			sourceTree = "<group>";
		};
		C4AC953618F5F6B900A090BA /* Models */ = {
			isa = PBXGroup;
			children = (
				C4AC953718F5F6D800A090BA /* WLUExam.h */,
				C4AC953818F5F6D800A090BA /* WLUExam.m */,
				C4AC953A18F5F6EA00A090BA /* WLUDepartment.h */,
				C4AC953B18F5F6EA00A090BA /* WLUDepartment.m */,
				C43BD88018F7693F0080F3BC /* WLUAnnotation.h */,
				C43BD88118F7693F0080F3BC /* WLUAnnotation.m */,
			);
			name = Models;
			sourceTree = "<group>";
		};
/* End PBXGroup section */

/* Begin PBXNativeTarget section */
		C4AC94F918F5ECFA00A090BA /* WLUExams */ = {
			isa = PBXNativeTarget;
			buildConfigurationList = C4AC952F18F5ECFB00A090BA /* Build configuration list for PBXNativeTarget "WLUExams" */;
			buildPhases = (
				C4AC94F618F5ECFA00A090BA /* Sources */,
				C4AC94F718F5ECFA00A090BA /* Frameworks */,
				C4AC94F818F5ECFA00A090BA /* Resources */,
			);
			buildRules = (
			);
			dependencies = (
			);
			name = WLUExams;
			productName = WLUExams;
			productReference = C4AC94FA18F5ECFA00A090BA /* WLUExams.app */;
			productType = "com.apple.product-type.application";
		};
		C4AC951D18F5ECFB00A090BA /* WLUExamsTests */ = {
			isa = PBXNativeTarget;
			buildConfigurationList = C4AC953218F5ECFB00A090BA /* Build configuration list for PBXNativeTarget "WLUExamsTests" */;
			buildPhases = (
				C4AC951A18F5ECFB00A090BA /* Sources */,
				C4AC951B18F5ECFB00A090BA /* Frameworks */,
				C4AC951C18F5ECFB00A090BA /* Resources */,
			);
			buildRules = (
			);
			dependencies = (
				C4AC952418F5ECFB00A090BA /* PBXTargetDependency */,
			);
			name = WLUExamsTests;
			productName = WLUExamsTests;
			productReference = C4AC951E18F5ECFB00A090BA /* WLUExamsTests.xctest */;
			productType = "com.apple.product-type.bundle.unit-test";
		};
/* End PBXNativeTarget section */

/* Begin PBXProject section */
		C4AC94F218F5ECFA00A090BA /* Project object */ = {
			isa = PBXProject;
			attributes = {
				CLASSPREFIX = WLU;
				LastUpgradeCheck = 0510;
				ORGANIZATIONNAME = "Erin Cramer";
				TargetAttributes = {
					C4AC94F918F5ECFA00A090BA = {
						SystemCapabilities = {
							com.apple.iOS = {
								enabled = 1;
							};
						};
					};
					C4AC951D18F5ECFB00A090BA = {
						TestTargetID = C4AC94F918F5ECFA00A090BA;
					};
				};
			};
			buildConfigurationList = C4AC94F518F5ECFA00A090BA /* Build configuration list for PBXProject "WLUExams" */;
			compatibilityVersion = "Xcode 3.2";
			developmentRegion = English;
			hasScannedForEncodings = 0;
			knownRegions = (
				en,
				Base,
			);
			mainGroup = C4AC94F118F5ECFA00A090BA;
			productRefGroup = C4AC94FB18F5ECFA00A090BA /* Products */;
			projectDirPath = "";
			projectRoot = "";
			targets = (
				C4AC94F918F5ECFA00A090BA /* WLUExams */,
				C4AC951D18F5ECFB00A090BA /* WLUExamsTests */,
			);
		};
/* End PBXProject section */

/* Begin PBXResourcesBuildPhase section */
		C4AC94F818F5ECFA00A090BA /* Resources */ = {
			isa = PBXResourcesBuildPhase;
			buildActionMask = 2147483647;
			files = (
				C4AC951918F5ECFB00A090BA /* Images.xcassets in Resources */,
				C423B16B18F6085E006652B3 /* wlu_logo.bmp in Resources */,
				C4AC950818F5ECFA00A090BA /* InfoPlist.strings in Resources */,
				C4AC951118F5ECFB00A090BA /* Main.storyboard in Resources */,
			);
			runOnlyForDeploymentPostprocessing = 0;
		};
		C4AC951C18F5ECFB00A090BA /* Resources */ = {
			isa = PBXResourcesBuildPhase;
			buildActionMask = 2147483647;
			files = (
				C4AC952A18F5ECFB00A090BA /* InfoPlist.strings in Resources */,
			);
			runOnlyForDeploymentPostprocessing = 0;
		};
/* End PBXResourcesBuildPhase section */

/* Begin PBXSourcesBuildPhase section */
		C4AC94F618F5ECFA00A090BA /* Sources */ = {
			isa = PBXSourcesBuildPhase;
			buildActionMask = 2147483647;
			files = (
				C4AC951418F5ECFB00A090BA /* WLUMasterViewController.m in Sources */,
				C4AC953918F5F6D800A090BA /* WLUExam.m in Sources */,
				C4AC953C18F5F6EA00A090BA /* WLUDepartment.m in Sources */,
				C4AC950A18F5ECFA00A090BA /* main.m in Sources */,
				C43BD88518F7B78D0080F3BC /* WLUExamByDepartmentTableViewController.m in Sources */,
				C4AC951718F5ECFB00A090BA /* WLUDetailViewController.m in Sources */,
				C423B16618F60085006652B3 /* WLUExamTableViewController.m in Sources */,
				C423B16918F6031D006652B3 /* WLUDepartmentTableViewController.m in Sources */,
				C43BD88218F7693F0080F3BC /* WLUAnnotation.m in Sources */,
				C4AC953F18F5F90000A090BA /* WLULoginViewController.m in Sources */,
				C423B17818F632AE006652B3 /* KeychainItemWrapper.m in Sources */,
				C4AC950E18F5ECFB00A090BA /* WLUAppDelegate.m in Sources */,
			);
			runOnlyForDeploymentPostprocessing = 0;
		};
		C4AC951A18F5ECFB00A090BA /* Sources */ = {
			isa = PBXSourcesBuildPhase;
			buildActionMask = 2147483647;
			files = (
				C4AC952C18F5ECFB00A090BA /* WLUExamsTests.m in Sources */,
			);
			runOnlyForDeploymentPostprocessing = 0;
		};
/* End PBXSourcesBuildPhase section */

/* Begin PBXTargetDependency section */
		C4AC952418F5ECFB00A090BA /* PBXTargetDependency */ = {
			isa = PBXTargetDependency;
			target = C4AC94F918F5ECFA00A090BA /* WLUExams */;
			targetProxy = C4AC952318F5ECFB00A090BA /* PBXContainerItemProxy */;
		};
/* End PBXTargetDependency section */

/* Begin PBXVariantGroup section */
		C4AC950618F5ECFA00A090BA /* InfoPlist.strings */ = {
			isa = PBXVariantGroup;
			children = (
				C4AC950718F5ECFA00A090BA /* en */,
			);
			name = InfoPlist.strings;
			sourceTree = "<group>";
		};
		C4AC950F18F5ECFB00A090BA /* Main.storyboard */ = {
			isa = PBXVariantGroup;
			children = (
				C4AC951018F5ECFB00A090BA /* Base */,
			);
			name = Main.storyboard;
			sourceTree = "<group>";
		};
		C4AC952818F5ECFB00A090BA /* InfoPlist.strings */ = {
			isa = PBXVariantGroup;
			children = (
				C4AC952918F5ECFB00A090BA /* en */,
			);
			name = InfoPlist.strings;
			sourceTree = "<group>";
		};
/* End PBXVariantGroup section */

/* Begin XCBuildConfiguration section */
		C4AC952D18F5ECFB00A090BA /* Debug */ = {
			isa = XCBuildConfiguration;
			buildSettings = {
				ALWAYS_SEARCH_USER_PATHS = NO;
				CLANG_CXX_LANGUAGE_STANDARD = "gnu++0x";
				CLANG_CXX_LIBRARY = "libc++";
				CLANG_ENABLE_MODULES = YES;
				CLANG_ENABLE_OBJC_ARC = YES;
				CLANG_WARN_BOOL_CONVERSION = YES;
				CLANG_WARN_CONSTANT_CONVERSION = YES;
				CLANG_WARN_DIRECT_OBJC_ISA_USAGE = YES_ERROR;
				CLANG_WARN_EMPTY_BODY = YES;
				CLANG_WARN_ENUM_CONVERSION = YES;
				CLANG_WARN_INT_CONVERSION = YES;
				CLANG_WARN_OBJC_ROOT_CLASS = YES_ERROR;
				CLANG_WARN__DUPLICATE_METHOD_MATCH = YES;
				"CODE_SIGN_IDENTITY[sdk=iphoneos*]" = "iPhone Developer";
				COPY_PHASE_STRIP = NO;
				GCC_C_LANGUAGE_STANDARD = gnu99;
				GCC_DYNAMIC_NO_PIC = NO;
				GCC_OPTIMIZATION_LEVEL = 0;
				GCC_PREPROCESSOR_DEFINITIONS = (
					"DEBUG=1",
					"$(inherited)",
				);
				GCC_SYMBOLS_PRIVATE_EXTERN = NO;
				GCC_WARN_64_TO_32_BIT_CONVERSION = YES;
				GCC_WARN_ABOUT_RETURN_TYPE = YES_ERROR;
				GCC_WARN_UNDECLARED_SELECTOR = YES;
				GCC_WARN_UNINITIALIZED_AUTOS = YES_AGGRESSIVE;
				GCC_WARN_UNUSED_FUNCTION = YES;
				GCC_WARN_UNUSED_VARIABLE = YES;
				IPHONEOS_DEPLOYMENT_TARGET = 7.1;
				ONLY_ACTIVE_ARCH = YES;
				OTHER_LDFLAGS = "";
				SDKROOT = iphoneos;
			};
			name = Debug;
		};
		C4AC952E18F5ECFB00A090BA /* Release */ = {
			isa = XCBuildConfiguration;
			buildSettings = {
				ALWAYS_SEARCH_USER_PATHS = NO;
				CLANG_CXX_LANGUAGE_STANDARD = "gnu++0x";
				CLANG_CXX_LIBRARY = "libc++";
				CLANG_ENABLE_MODULES = YES;
				CLANG_ENABLE_OBJC_ARC = YES;
				CLANG_WARN_BOOL_CONVERSION = YES;
				CLANG_WARN_CONSTANT_CONVERSION = YES;
				CLANG_WARN_DIRECT_OBJC_ISA_USAGE = YES_ERROR;
				CLANG_WARN_EMPTY_BODY = YES;
				CLANG_WARN_ENUM_CONVERSION = YES;
				CLANG_WARN_INT_CONVERSION = YES;
				CLANG_WARN_OBJC_ROOT_CLASS = YES_ERROR;
				CLANG_WARN__DUPLICATE_METHOD_MATCH = YES;
				"CODE_SIGN_IDENTITY[sdk=iphoneos*]" = "iPhone Developer";
				COPY_PHASE_STRIP = YES;
				ENABLE_NS_ASSERTIONS = NO;
				GCC_C_LANGUAGE_STANDARD = gnu99;
				GCC_WARN_64_TO_32_BIT_CONVERSION = YES;
				GCC_WARN_ABOUT_RETURN_TYPE = YES_ERROR;
				GCC_WARN_UNDECLARED_SELECTOR = YES;
				GCC_WARN_UNINITIALIZED_AUTOS = YES_AGGRESSIVE;
				GCC_WARN_UNUSED_FUNCTION = YES;
				GCC_WARN_UNUSED_VARIABLE = YES;
				IPHONEOS_DEPLOYMENT_TARGET = 7.1;
				OTHER_LDFLAGS = "";
				SDKROOT = iphoneos;
				VALIDATE_PRODUCT = YES;
			};
			name = Release;
		};
		C4AC953018F5ECFB00A090BA /* Debug */ = {
			isa = XCBuildConfiguration;
			buildSettings = {
				ASSETCATALOG_COMPILER_APPICON_NAME = AppIcon;
				ASSETCATALOG_COMPILER_LAUNCHIMAGE_NAME = LaunchImage;
				FRAMEWORK_SEARCH_PATHS = (
					"$(inherited)",
					"$(PROJECT_DIR)",
				);
				GCC_PRECOMPILE_PREFIX_HEADER = YES;
				GCC_PREFIX_HEADER = "WLUExams/WLUExams-Prefix.pch";
				INFOPLIST_FILE = "WLUExams/WLUExams-Info.plist";
				IPHONEOS_DEPLOYMENT_TARGET = 6.1;
				PRODUCT_NAME = "$(TARGET_NAME)";
				WRAPPER_EXTENSION = app;
			};
			name = Debug;
		};
		C4AC953118F5ECFB00A090BA /* Release */ = {
			isa = XCBuildConfiguration;
			buildSettings = {
				ASSETCATALOG_COMPILER_APPICON_NAME = AppIcon;
				ASSETCATALOG_COMPILER_LAUNCHIMAGE_NAME = LaunchImage;
				FRAMEWORK_SEARCH_PATHS = (
					"$(inherited)",
					"$(PROJECT_DIR)",
				);
				GCC_PRECOMPILE_PREFIX_HEADER = YES;
				GCC_PREFIX_HEADER = "WLUExams/WLUExams-Prefix.pch";
				INFOPLIST_FILE = "WLUExams/WLUExams-Info.plist";
				IPHONEOS_DEPLOYMENT_TARGET = 6.1;
				PRODUCT_NAME = "$(TARGET_NAME)";
				WRAPPER_EXTENSION = app;
			};
			name = Release;
		};
		C4AC953318F5ECFB00A090BA /* Debug */ = {
			isa = XCBuildConfiguration;
			buildSettings = {
				BUNDLE_LOADER = "$(BUILT_PRODUCTS_DIR)/WLUExams.app/WLUExams";
				FRAMEWORK_SEARCH_PATHS = (
					"$(SDKROOT)/Developer/Library/Frameworks",
					"$(inherited)",
					"$(DEVELOPER_FRAMEWORKS_DIR)",
				);
				GCC_PRECOMPILE_PREFIX_HEADER = YES;
				GCC_PREFIX_HEADER = "WLUExams/WLUExams-Prefix.pch";
				GCC_PREPROCESSOR_DEFINITIONS = (
					"DEBUG=1",
					"$(inherited)",
				);
				INFOPLIST_FILE = "WLUExamsTests/WLUExamsTests-Info.plist";
				PRODUCT_NAME = "$(TARGET_NAME)";
				TEST_HOST = "$(BUNDLE_LOADER)";
				WRAPPER_EXTENSION = xctest;
			};
			name = Debug;
		};
		C4AC953418F5ECFB00A090BA /* Release */ = {
			isa = XCBuildConfiguration;
			buildSettings = {
				BUNDLE_LOADER = "$(BUILT_PRODUCTS_DIR)/WLUExams.app/WLUExams";
				FRAMEWORK_SEARCH_PATHS = (
					"$(SDKROOT)/Developer/Library/Frameworks",
					"$(inherited)",
					"$(DEVELOPER_FRAMEWORKS_DIR)",
				);
				GCC_PRECOMPILE_PREFIX_HEADER = YES;
				GCC_PREFIX_HEADER = "WLUExams/WLUExams-Prefix.pch";
				INFOPLIST_FILE = "WLUExamsTests/WLUExamsTests-Info.plist";
				PRODUCT_NAME = "$(TARGET_NAME)";
				TEST_HOST = "$(BUNDLE_LOADER)";
				WRAPPER_EXTENSION = xctest;
			};
			name = Release;
		};
/* End XCBuildConfiguration section */

/* Begin XCConfigurationList section */
		C4AC94F518F5ECFA00A090BA /* Build configuration list for PBXProject "WLUExams" */ = {
			isa = XCConfigurationList;
			buildConfigurations = (
				C4AC952D18F5ECFB00A090BA /* Debug */,
				C4AC952E18F5ECFB00A090BA /* Release */,
			);
			defaultConfigurationIsVisible = 0;
			defaultConfigurationName = Release;
		};
		C4AC952F18F5ECFB00A090BA /* Build configuration list for PBXNativeTarget "WLUExams" */ = {
			isa = XCConfigurationList;
			buildConfigurations = (
				C4AC953018F5ECFB00A090BA /* Debug */,
				C4AC953118F5ECFB00A090BA /* Release */,
			);
			defaultConfigurationIsVisible = 0;
			defaultConfigurationName = Release;
		};
		C4AC953218F5ECFB00A090BA /* Build configuration list for PBXNativeTarget "WLUExamsTests" */ = {
			isa = XCConfigurationList;
			buildConfigurations = (
				C4AC953318F5ECFB00A090BA /* Debug */,
				C4AC953418F5ECFB00A090BA /* Release */,
			);
			defaultConfigurationIsVisible = 0;
			defaultConfigurationName = Release;
		};
/* End XCConfigurationList section */
	};
	rootObject = C4AC94F218F5ECFA00A090BA /* Project object */;
}
